
Microsoft Visual Studio Solution File, Format Version 12.00
# Visual Studio Version 16
VisualStudioVersion = 16.0.31112.23
MinimumVisualStudioVersion = 10.0.40219.1
Project("{FAE04EC0-301F-11D3-BF4B-00C04F79EFBC}") = "WebAppi6", "WebAppi6.csproj", "{C7514536-BFA4-4CC7-A1EC-C410F41AE543}"
EndProject
Global
	GlobalSection(SolutionConfigurationPlatforms) = preSolution
		Debug|Any CPU = Debug|Any CPU
		Release|Any CPU = Release|Any CPU
	EndGlobalSection
	GlobalSection(ProjectConfigurationPlatforms) = postSolution
		{C7514536-BFA4-4CC7-A1EC-C410F41AE543}.Debug|Any CPU.ActiveCfg = Debug|Any CPU
		{C7514536-BFA4-4CC7-A1EC-C410F41AE543}.Debug|Any CPU.Build.0 = Debug|Any CPU
		{C7514536-BFA4-4CC7-A1EC-C410F41AE543}.Release|Any CPU.ActiveCfg = Release|Any CPU
		{C7514536-BFA4-4CC7-A1EC-C410F41AE543}.Release|Any CPU.Build.0 = Release|Any CPU
	EndGlobalSection
	GlobalSection(SolutionProperties) = preSolution
		HideSolutionNode = FALSE
	EndGlobalSection
	GlobalSection(ExtensibilityGlobals) = postSolution
		SolutionGuid = {7DBD5E8E-A275-418F-A4C3-F7C8EFE5F74B}
	EndGlobalSection
EndGlobal
